
Microsoft Visual Studio Solution File, Format Version 12.00
Project("{FAE04EC0-301F-11D3-BF4B-00C04F79EFBC}") = "DevicesAPI", "Devices\DevicesAPI\DevicesAPI.csproj", "{4A63078B-345A-4E23-ADBB-AC69C3BE50B8}"
EndProject
Project("{2150E333-8FDC-42A3-9474-1A3956D46DE8}") = "Devices", "Devices", "{72F02E95-CE74-44E6-B452-6DDFCC5EB97B}"
EndProject
Project("{2150E333-8FDC-42A3-9474-1A3956D46DE8}") = "Repositories", "Repositories", "{C3894A06-0799-4016-8AC7-F859F06DE341}"
EndProject
Project("{2150E333-8FDC-42A3-9474-1A3956D46DE8}") = "Events", "Events", "{8F3CE720-707F-47E5-A222-74485AE029E9}"
EndProject
Project("{2150E333-8FDC-42A3-9474-1A3956D46DE8}") = "Auth", "Auth", "{1189E06C-7693-43DB-9DBE-B1DFBD5A21A4}"
EndProject
Project("{FAE04EC0-301F-11D3-BF4B-00C04F79EFBC}") = "GenericRepository", "Repositories\GenericRepository\GenericRepository.csproj", "{5DD79726-D03E-4B6C-AE14-77D69775A879}"
EndProject
Project("{FAE04EC0-301F-11D3-BF4B-00C04F79EFBC}") = "MongoRepository", "Repositories\MongoRepository\MongoRepository.csproj", "{4E33C054-3E2A-4818-B4E8-31B3B5CC0F1D}"
EndProject
Project("{FAE04EC0-301F-11D3-BF4B-00C04F79EFBC}") = "SqlRepository", "Repositories\SqlRepository\SqlRepository.csproj", "{6AF701FD-8279-4DB0-88C4-777951BCB7BC}"
EndProject
Project("{FAE04EC0-301F-11D3-BF4B-00C04F79EFBC}") = "SqlServerRepository", "Repositories\SqlServerRepository\SqlServerRepository.csproj", "{2ACBFFED-09B7-4758-A45A-61EB30630D24}"
EndProject
Project("{2150E333-8FDC-42A3-9474-1A3956D46DE8}") = "Contracts", "Contracts", "{31E4E2DE-8AE8-47A7-8520-E3DD56E9FEFE}"
EndProject
Project("{2150E333-8FDC-42A3-9474-1A3956D46DE8}") = "MessageBroker", "MessageBroker", "{A78E8BD0-401A-467E-93AE-AA39604FD71B}"
EndProject
Project("{FAE04EC0-301F-11D3-BF4B-00C04F79EFBC}") = "Contracts", "Contracts\Contracts\Contracts.csproj", "{164A9222-F88C-403C-86C0-A7F385FD895B}"
EndProject
Project("{FAE04EC0-301F-11D3-BF4B-00C04F79EFBC}") = "RabbitMqExtension", "RabbitMqExtension\RabbitMqExtension.csproj", "{316481AE-1DA2-4AD0-85F6-1E64559CB654}"
EndProject
Project("{FAE04EC0-301F-11D3-BF4B-00C04F79EFBC}") = "EventsAPI", "Events\EventsAPI\EventsAPI.csproj", "{A7610A6D-2B3B-4A25-B636-CAC55CEDAD2B}"
EndProject
Project("{FAE04EC0-301F-11D3-BF4B-00C04F79EFBC}") = "JwtAuthenticationManager", "JwtAuthenticationManager\JwtAuthenticationManager.csproj", "{BEAC0ECB-C3CA-4D68-8E15-1D7CF53A140A}"
EndProject
Project("{FAE04EC0-301F-11D3-BF4B-00C04F79EFBC}") = "AuthenticationWebApi", "AuthenticationWebApi\AuthenticationWebApi.csproj", "{4751AFC7-E245-4FE8-9C9E-EA8FD207E71C}"
EndProject
Global
	GlobalSection(SolutionConfigurationPlatforms) = preSolution
		Debug|Any CPU = Debug|Any CPU
		Release|Any CPU = Release|Any CPU
	EndGlobalSection
	GlobalSection(ProjectConfigurationPlatforms) = postSolution
		{4A63078B-345A-4E23-ADBB-AC69C3BE50B8}.Debug|Any CPU.ActiveCfg = Debug|Any CPU
		{4A63078B-345A-4E23-ADBB-AC69C3BE50B8}.Debug|Any CPU.Build.0 = Debug|Any CPU
		{4A63078B-345A-4E23-ADBB-AC69C3BE50B8}.Release|Any CPU.ActiveCfg = Release|Any CPU
		{4A63078B-345A-4E23-ADBB-AC69C3BE50B8}.Release|Any CPU.Build.0 = Release|Any CPU
		{5DD79726-D03E-4B6C-AE14-77D69775A879}.Debug|Any CPU.ActiveCfg = Debug|Any CPU
		{5DD79726-D03E-4B6C-AE14-77D69775A879}.Debug|Any CPU.Build.0 = Debug|Any CPU
		{5DD79726-D03E-4B6C-AE14-77D69775A879}.Release|Any CPU.ActiveCfg = Release|Any CPU
		{5DD79726-D03E-4B6C-AE14-77D69775A879}.Release|Any CPU.Build.0 = Release|Any CPU
		{4E33C054-3E2A-4818-B4E8-31B3B5CC0F1D}.Debug|Any CPU.ActiveCfg = Debug|Any CPU
		{4E33C054-3E2A-4818-B4E8-31B3B5CC0F1D}.Debug|Any CPU.Build.0 = Debug|Any CPU
		{4E33C054-3E2A-4818-B4E8-31B3B5CC0F1D}.Release|Any CPU.ActiveCfg = Release|Any CPU
		{4E33C054-3E2A-4818-B4E8-31B3B5CC0F1D}.Release|Any CPU.Build.0 = Release|Any CPU
		{6AF701FD-8279-4DB0-88C4-777951BCB7BC}.Debug|Any CPU.ActiveCfg = Debug|Any CPU
		{6AF701FD-8279-4DB0-88C4-777951BCB7BC}.Debug|Any CPU.Build.0 = Debug|Any CPU
		{6AF701FD-8279-4DB0-88C4-777951BCB7BC}.Release|Any CPU.ActiveCfg = Release|Any CPU
		{6AF701FD-8279-4DB0-88C4-777951BCB7BC}.Release|Any CPU.Build.0 = Release|Any CPU
		{2ACBFFED-09B7-4758-A45A-61EB30630D24}.Debug|Any CPU.ActiveCfg = Debug|Any CPU
		{2ACBFFED-09B7-4758-A45A-61EB30630D24}.Debug|Any CPU.Build.0 = Debug|Any CPU
		{2ACBFFED-09B7-4758-A45A-61EB30630D24}.Release|Any CPU.ActiveCfg = Release|Any CPU
		{2ACBFFED-09B7-4758-A45A-61EB30630D24}.Release|Any CPU.Build.0 = Release|Any CPU
		{164A9222-F88C-403C-86C0-A7F385FD895B}.Debug|Any CPU.ActiveCfg = Debug|Any CPU
		{164A9222-F88C-403C-86C0-A7F385FD895B}.Debug|Any CPU.Build.0 = Debug|Any CPU
		{164A9222-F88C-403C-86C0-A7F385FD895B}.Release|Any CPU.ActiveCfg = Release|Any CPU
		{164A9222-F88C-403C-86C0-A7F385FD895B}.Release|Any CPU.Build.0 = Release|Any CPU
		{316481AE-1DA2-4AD0-85F6-1E64559CB654}.Debug|Any CPU.ActiveCfg = Debug|Any CPU
		{316481AE-1DA2-4AD0-85F6-1E64559CB654}.Debug|Any CPU.Build.0 = Debug|Any CPU
		{316481AE-1DA2-4AD0-85F6-1E64559CB654}.Release|Any CPU.ActiveCfg = Release|Any CPU
		{316481AE-1DA2-4AD0-85F6-1E64559CB654}.Release|Any CPU.Build.0 = Release|Any CPU
		{A7610A6D-2B3B-4A25-B636-CAC55CEDAD2B}.Debug|Any CPU.ActiveCfg = Debug|Any CPU
		{A7610A6D-2B3B-4A25-B636-CAC55CEDAD2B}.Debug|Any CPU.Build.0 = Debug|Any CPU
		{A7610A6D-2B3B-4A25-B636-CAC55CEDAD2B}.Release|Any CPU.ActiveCfg = Release|Any CPU
		{A7610A6D-2B3B-4A25-B636-CAC55CEDAD2B}.Release|Any CPU.Build.0 = Release|Any CPU
		{BEAC0ECB-C3CA-4D68-8E15-1D7CF53A140A}.Debug|Any CPU.ActiveCfg = Debug|Any CPU
		{BEAC0ECB-C3CA-4D68-8E15-1D7CF53A140A}.Debug|Any CPU.Build.0 = Debug|Any CPU
		{BEAC0ECB-C3CA-4D68-8E15-1D7CF53A140A}.Release|Any CPU.ActiveCfg = Release|Any CPU
		{BEAC0ECB-C3CA-4D68-8E15-1D7CF53A140A}.Release|Any CPU.Build.0 = Release|Any CPU
		{4751AFC7-E245-4FE8-9C9E-EA8FD207E71C}.Debug|Any CPU.ActiveCfg = Debug|Any CPU
		{4751AFC7-E245-4FE8-9C9E-EA8FD207E71C}.Debug|Any CPU.Build.0 = Debug|Any CPU
		{4751AFC7-E245-4FE8-9C9E-EA8FD207E71C}.Release|Any CPU.ActiveCfg = Release|Any CPU
		{4751AFC7-E245-4FE8-9C9E-EA8FD207E71C}.Release|Any CPU.Build.0 = Release|Any CPU
	EndGlobalSection
	GlobalSection(NestedProjects) = preSolution
		{4A63078B-345A-4E23-ADBB-AC69C3BE50B8} = {72F02E95-CE74-44E6-B452-6DDFCC5EB97B}
		{5DD79726-D03E-4B6C-AE14-77D69775A879} = {C3894A06-0799-4016-8AC7-F859F06DE341}
		{4E33C054-3E2A-4818-B4E8-31B3B5CC0F1D} = {C3894A06-0799-4016-8AC7-F859F06DE341}
		{6AF701FD-8279-4DB0-88C4-777951BCB7BC} = {C3894A06-0799-4016-8AC7-F859F06DE341}
		{2ACBFFED-09B7-4758-A45A-61EB30630D24} = {C3894A06-0799-4016-8AC7-F859F06DE341}
		{164A9222-F88C-403C-86C0-A7F385FD895B} = {31E4E2DE-8AE8-47A7-8520-E3DD56E9FEFE}
		{316481AE-1DA2-4AD0-85F6-1E64559CB654} = {A78E8BD0-401A-467E-93AE-AA39604FD71B}
		{A7610A6D-2B3B-4A25-B636-CAC55CEDAD2B} = {8F3CE720-707F-47E5-A222-74485AE029E9}
		{BEAC0ECB-C3CA-4D68-8E15-1D7CF53A140A} = {1189E06C-7693-43DB-9DBE-B1DFBD5A21A4}
		{4751AFC7-E245-4FE8-9C9E-EA8FD207E71C} = {1189E06C-7693-43DB-9DBE-B1DFBD5A21A4}
	EndGlobalSection
EndGlobal
